// !$*UTF8*$!
{
	archiveVersion = 1;
	classes = {
	};
	objectVersion = 56;
	objects = {

/* Begin PBXBuildFile section */
		7C6FE5542A7FB9600017C0A9 /* TestScrollBarApp.swift in Sources */ = {isa = PBXBuildFile; fileRef = 7C6FE5532A7FB9600017C0A9 /* TestScrollBarApp.swift */; };
		7C6FE5562A7FB9600017C0A9 /* ContentView.swift in Sources */ = {isa = PBXBuildFile; fileRef = 7C6FE5552A7FB9600017C0A9 /* ContentView.swift */; };
		7C6FE5582A7FB9630017C0A9 /* Assets.xcassets in Resources */ = {isa = PBXBuildFile; fileRef = 7C6FE5572A7FB9630017C0A9 /* Assets.xcassets */; };
		7C6FE55B2A7FB9630017C0A9 /* Preview Assets.xcassets in Resources */ = {isa = PBXBuildFile; fileRef = 7C6FE55A2A7FB9630017C0A9 /* Preview Assets.xcassets */; };
		7C6FE5622A7FB9800017C0A9 /* MockModel.swift in Sources */ = {isa = PBXBuildFile; fileRef = 7C6FE5612A7FB9800017C0A9 /* MockModel.swift */; };
		7C6FE5672A7FBE920017C0A9 /* AlphabetScrollBar in Frameworks */ = {isa = PBXBuildFile; productRef = 7C6FE5662A7FBE920017C0A9 /* AlphabetScrollBar */; };
/* End PBXBuildFile section */

/* Begin PBXFileReference section */
		7C6FE5502A7FB9600017C0A9 /* TestScrollBar.app */ = {isa = PBXFileReference; explicitFileType = wrapper.application; includeInIndex = 0; path = TestScrollBar.app; sourceTree = BUILT_PRODUCTS_DIR; };
		7C6FE5532A7FB9600017C0A9 /* TestScrollBarApp.swift */ = {isa = PBXFileReference; lastKnownFileType = sourcecode.swift; path = TestScrollBarApp.swift; sourceTree = "<group>"; };
		7C6FE5552A7FB9600017C0A9 /* ContentView.swift */ = {isa = PBXFileReference; lastKnownFileType = sourcecode.swift; path = ContentView.swift; sourceTree = "<group>"; };
		7C6FE5572A7FB9630017C0A9 /* Assets.xcassets */ = {isa = PBXFileReference; lastKnownFileType = folder.assetcatalog; path = Assets.xcassets; sourceTree = "<group>"; };
		7C6FE55A2A7FB9630017C0A9 /* Preview Assets.xcassets */ = {isa = PBXFileReference; lastKnownFileType = folder.assetcatalog; path = "Preview Assets.xcassets"; sourceTree = "<group>"; };
		7C6FE5612A7FB9800017C0A9 /* MockModel.swift */ = {isa = PBXFileReference; lastKnownFileType = sourcecode.swift; path = MockModel.swift; sourceTree = "<group>"; };
/* End PBXFileReference section */

/* Begin PBXFrameworksBuildPhase section */
		7C6FE54D2A7FB9600017C0A9 /* Frameworks */ = {
			isa = PBXFrameworksBuildPhase;
			buildActionMask = 2147483647;
			files = (
				7C6FE5672A7FBE920017C0A9 /* AlphabetScrollBar in Frameworks */,
			);
			runOnlyForDeploymentPostprocessing = 0;
		};
/* End PBXFrameworksBuildPhase section */

/* Begin PBXGroup section */
		7C6FE5472A7FB9600017C0A9 = {
			isa = PBXGroup;
			children = (
				7C6FE5522A7FB9600017C0A9 /* TestScrollBar */,
				7C6FE5512A7FB9600017C0A9 /* Products */,
			);
			sourceTree = "<group>";
		};
		7C6FE5512A7FB9600017C0A9 /* Products */ = {
			isa = PBXGroup;
			children = (
				7C6FE5502A7FB9600017C0A9 /* TestScrollBar.app */,
			);
			name = Products;
			sourceTree = "<group>";
		};
		7C6FE5522A7FB9600017C0A9 /* TestScrollBar */ = {
			isa = PBXGroup;
			children = (
				7C6FE5532A7FB9600017C0A9 /* TestScrollBarApp.swift */,
				7C6FE5612A7FB9800017C0A9 /* MockModel.swift */,
				7C6FE5552A7FB9600017C0A9 /* ContentView.swift */,
				7C6FE5572A7FB9630017C0A9 /* Assets.xcassets */,
				7C6FE5592A7FB9630017C0A9 /* Preview Content */,
			);
			path = TestScrollBar;
			sourceTree = "<group>";
		};
		7C6FE5592A7FB9630017C0A9 /* Preview Content */ = {
			isa = PBXGroup;
			children = (
				7C6FE55A2A7FB9630017C0A9 /* Preview Assets.xcassets */,
			);
			path = "Preview Content";
			sourceTree = "<group>";
		};
/* End PBXGroup section */

/* Begin PBXNativeTarget section */
		7C6FE54F2A7FB9600017C0A9 /* TestScrollBar */ = {
			isa = PBXNativeTarget;
			buildConfigurationList = 7C6FE55E2A7FB9630017C0A9 /* Build configuration list for PBXNativeTarget "TestScrollBar" */;
			buildPhases = (
				7C6FE54C2A7FB9600017C0A9 /* Sources */,
				7C6FE54D2A7FB9600017C0A9 /* Frameworks */,
				7C6FE54E2A7FB9600017C0A9 /* Resources */,
			);
			buildRules = (
			);
			dependencies = (
			);
			name = TestScrollBar;
			packageProductDependencies = (
				7C6FE5662A7FBE920017C0A9 /* AlphabetScrollBar */,
			);
			productName = TestScrollBar;
			productReference = 7C6FE5502A7FB9600017C0A9 /* TestScrollBar.app */;
			productType = "com.apple.product-type.application";
		};
/* End PBXNativeTarget section */

/* Begin PBXProject section */
		7C6FE5482A7FB9600017C0A9 /* Project object */ = {
			isa = PBXProject;
			attributes = {
				BuildIndependentTargetsInParallel = 1;
				LastSwiftUpdateCheck = 1430;
				LastUpgradeCheck = 1430;
				TargetAttributes = {
					7C6FE54F2A7FB9600017C0A9 = {
						CreatedOnToolsVersion = 14.3.1;
					};
				};
			};
			buildConfigurationList = 7C6FE54B2A7FB9600017C0A9 /* Build configuration list for PBXProject "TestScrollBar" */;
			compatibilityVersion = "Xcode 14.0";
			developmentRegion = en;
			hasScannedForEncodings = 0;
			knownRegions = (
				en,
				Base,
			);
			mainGroup = 7C6FE5472A7FB9600017C0A9;
			packageReferences = (
				7C6FE5652A7FBE920017C0A9 /* XCRemoteSwiftPackageReference "AlphabetScrollBar" */,
			);
			productRefGroup = 7C6FE5512A7FB9600017C0A9 /* Products */;
			projectDirPath = "";
			projectRoot = "";
			targets = (
				7C6FE54F2A7FB9600017C0A9 /* TestScrollBar */,
			);
		};
/* End PBXProject section */

/* Begin PBXResourcesBuildPhase section */
		7C6FE54E2A7FB9600017C0A9 /* Resources */ = {
			isa = PBXResourcesBuildPhase;
			buildActionMask = 2147483647;
			files = (
				7C6FE55B2A7FB9630017C0A9 /* Preview Assets.xcassets in Resources */,
				7C6FE5582A7FB9630017C0A9 /* Assets.xcassets in Resources */,
			);
			runOnlyForDeploymentPostprocessing = 0;
		};
/* End PBXResourcesBuildPhase section */

/* Begin PBXSourcesBuildPhase section */
		7C6FE54C2A7FB9600017C0A9 /* Sources */ = {
			isa = PBXSourcesBuildPhase;
			buildActionMask = 2147483647;
			files = (
				7C6FE5622A7FB9800017C0A9 /* MockModel.swift in Sources */,
				7C6FE5562A7FB9600017C0A9 /* ContentView.swift in Sources */,
				7C6FE5542A7FB9600017C0A9 /* TestScrollBarApp.swift in Sources */,
			);
			runOnlyForDeploymentPostprocessing = 0;
		};
/* End PBXSourcesBuildPhase section */

/* Begin XCBuildConfiguration section */
		7C6FE55C2A7FB9630017C0A9 /* Debug */ = {
			isa = XCBuildConfiguration;
			buildSettings = {
				ALWAYS_SEARCH_USER_PATHS = NO;
				CLANG_ANALYZER_NONNULL = YES;
				CLANG_ANALYZER_NUMBER_OBJECT_CONVERSION = YES_AGGRESSIVE;
				CLANG_CXX_LANGUAGE_STANDARD = "gnu++20";
				CLANG_ENABLE_MODULES = YES;
				CLANG_ENABLE_OBJC_ARC = YES;
				CLANG_ENABLE_OBJC_WEAK = YES;
				CLANG_WARN_BLOCK_CAPTURE_AUTORELEASING = YES;
				CLANG_WARN_BOOL_CONVERSION = YES;
				CLANG_WARN_COMMA = YES;
				CLANG_WARN_CONSTANT_CONVERSION = YES;
				CLANG_WARN_DEPRECATED_OBJC_IMPLEMENTATIONS = YES;
				CLANG_WARN_DIRECT_OBJC_ISA_USAGE = YES_ERROR;
				CLANG_WARN_DOCUMENTATION_COMMENTS = YES;
				CLANG_WARN_EMPTY_BODY = YES;
				CLANG_WARN_ENUM_CONVERSION = YES;
				CLANG_WARN_INFINITE_RECURSION = YES;
				CLANG_WARN_INT_CONVERSION = YES;
				CLANG_WARN_NON_LITERAL_NULL_CONVERSION = YES;
				CLANG_WARN_OBJC_IMPLICIT_RETAIN_SELF = YES;
				CLANG_WARN_OBJC_LITERAL_CONVERSION = YES;
				CLANG_WARN_OBJC_ROOT_CLASS = YES_ERROR;
				CLANG_WARN_QUOTED_INCLUDE_IN_FRAMEWORK_HEADER = YES;
				CLANG_WARN_RANGE_LOOP_ANALYSIS = YES;
				CLANG_WARN_STRICT_PROTOTYPES = YES;
				CLANG_WARN_SUSPICIOUS_MOVE = YES;
				CLANG_WARN_UNGUARDED_AVAILABILITY = YES_AGGRESSIVE;
				CLANG_WARN_UNREACHABLE_CODE = YES;
				CLANG_WARN__DUPLICATE_METHOD_MATCH = YES;
				COPY_PHASE_STRIP = NO;
				DEBUG_INFORMATION_FORMAT = dwarf;
				ENABLE_STRICT_OBJC_MSGSEND = YES;
				ENABLE_TESTABILITY = YES;
				GCC_C_LANGUAGE_STANDARD = gnu11;
				GCC_DYNAMIC_NO_PIC = NO;
				GCC_NO_COMMON_BLOCKS = YES;
				GCC_OPTIMIZATION_LEVEL = 0;
				GCC_PREPROCESSOR_DEFINITIONS = (
					"DEBUG=1",
					"$(inherited)",
				);
				GCC_WARN_64_TO_32_BIT_CONVERSION = YES;
				GCC_WARN_ABOUT_RETURN_TYPE = YES_ERROR;
				GCC_WARN_UNDECLARED_SELECTOR = YES;
				GCC_WARN_UNINITIALIZED_AUTOS = YES_AGGRESSIVE;
				GCC_WARN_UNUSED_FUNCTION = YES;
				GCC_WARN_UNUSED_VARIABLE = YES;
				IPHONEOS_DEPLOYMENT_TARGET = 16.4;
				MTL_ENABLE_DEBUG_INFO = INCLUDE_SOURCE;
				MTL_FAST_MATH = YES;
				ONLY_ACTIVE_ARCH = YES;
				SDKROOT = iphoneos;
				SWIFT_ACTIVE_COMPILATION_CONDITIONS = DEBUG;
				SWIFT_OPTIMIZATION_LEVEL = "-Onone";
			};
			name = Debug;
		};
		7C6FE55D2A7FB9630017C0A9 /* Release */ = {
			isa = XCBuildConfiguration;
			buildSettings = {
				ALWAYS_SEARCH_USER_PATHS = NO;
				CLANG_ANALYZER_NONNULL = YES;
				CLANG_ANALYZER_NUMBER_OBJECT_CONVERSION = YES_AGGRESSIVE;
				CLANG_CXX_LANGUAGE_STANDARD = "gnu++20";
				CLANG_ENABLE_MODULES = YES;
				CLANG_ENABLE_OBJC_ARC = YES;
				CLANG_ENABLE_OBJC_WEAK = YES;
				CLANG_WARN_BLOCK_CAPTURE_AUTORELEASING = YES;
				CLANG_WARN_BOOL_CONVERSION = YES;
				CLANG_WARN_COMMA = YES;
				CLANG_WARN_CONSTANT_CONVERSION = YES;
				CLANG_WARN_DEPRECATED_OBJC_IMPLEMENTATIONS = YES;
				CLANG_WARN_DIRECT_OBJC_ISA_USAGE = YES_ERROR;
				CLANG_WARN_DOCUMENTATION_COMMENTS = YES;
				CLANG_WARN_EMPTY_BODY = YES;
				CLANG_WARN_ENUM_CONVERSION = YES;
				CLANG_WARN_INFINITE_RECURSION = YES;
				CLANG_WARN_INT_CONVERSION = YES;
				CLANG_WARN_NON_LITERAL_NULL_CONVERSION = YES;
				CLANG_WARN_OBJC_IMPLICIT_RETAIN_SELF = YES;
				CLANG_WARN_OBJC_LITERAL_CONVERSION = YES;
				CLANG_WARN_OBJC_ROOT_CLASS = YES_ERROR;
				CLANG_WARN_QUOTED_INCLUDE_IN_FRAMEWORK_HEADER = YES;
				CLANG_WARN_RANGE_LOOP_ANALYSIS = YES;
				CLANG_WARN_STRICT_PROTOTYPES = YES;
				CLANG_WARN_SUSPICIOUS_MOVE = YES;
				CLANG_WARN_UNGUARDED_AVAILABILITY = YES_AGGRESSIVE;
				CLANG_WARN_UNREACHABLE_CODE = YES;
				CLANG_WARN__DUPLICATE_METHOD_MATCH = YES;
				COPY_PHASE_STRIP = NO;
				DEBUG_INFORMATION_FORMAT = "dwarf-with-dsym";
				ENABLE_NS_ASSERTIONS = NO;
				ENABLE_STRICT_OBJC_MSGSEND = YES;
				GCC_C_LANGUAGE_STANDARD = gnu11;
				GCC_NO_COMMON_BLOCKS = YES;
				GCC_WARN_64_TO_32_BIT_CONVERSION = YES;
				GCC_WARN_ABOUT_RETURN_TYPE = YES_ERROR;
				GCC_WARN_UNDECLARED_SELECTOR = YES;
				GCC_WARN_UNINITIALIZED_AUTOS = YES_AGGRESSIVE;
				GCC_WARN_UNUSED_FUNCTION = YES;
				GCC_WARN_UNUSED_VARIABLE = YES;
				IPHONEOS_DEPLOYMENT_TARGET = 16.4;
				MTL_ENABLE_DEBUG_INFO = NO;
				MTL_FAST_MATH = YES;
				SDKROOT = iphoneos;
				SWIFT_COMPILATION_MODE = wholemodule;
				SWIFT_OPTIMIZATION_LEVEL = "-O";
				VALIDATE_PRODUCT = YES;
			};
			name = Release;
		};
		7C6FE55F2A7FB9630017C0A9 /* Debug */ = {
			isa = XCBuildConfiguration;
			buildSettings = {
				ASSETCATALOG_COMPILER_APPICON_NAME = AppIcon;
				ASSETCATALOG_COMPILER_GLOBAL_ACCENT_COLOR_NAME = AccentColor;
				CODE_SIGN_STYLE = Automatic;
				CURRENT_PROJECT_VERSION = 1;
				DEVELOPMENT_ASSET_PATHS = "\"TestScrollBar/Preview Content\"";
				DEVELOPMENT_TEAM = CLM5L23Y57;
				ENABLE_PREVIEWS = YES;
				GENERATE_INFOPLIST_FILE = YES;
				INFOPLIST_KEY_UIApplicationSceneManifest_Generation = YES;
				INFOPLIST_KEY_UIApplicationSupportsIndirectInputEvents = YES;
				INFOPLIST_KEY_UILaunchScreen_Generation = YES;
				INFOPLIST_KEY_UISupportedInterfaceOrientations_iPad = "UIInterfaceOrientationPortrait UIInterfaceOrientationPortraitUpsideDown UIInterfaceOrientationLandscapeLeft UIInterfaceOrientationLandscapeRight";
				INFOPLIST_KEY_UISupportedInterfaceOrientations_iPhone = "UIInterfaceOrientationPortrait UIInterfaceOrientationLandscapeLeft UIInterfaceOrientationLandscapeRight";
				LD_RUNPATH_SEARCH_PATHS = (
					"$(inherited)",
					"@executable_path/Frameworks",
				);
				MARKETING_VERSION = 1.0;
				PRODUCT_BUNDLE_IDENTIFIER = co.uk.lorenzopolato.TestScrollBar;
				PRODUCT_NAME = "$(TARGET_NAME)";
				SWIFT_EMIT_LOC_STRINGS = YES;
				SWIFT_VERSION = 5.0;
				TARGETED_DEVICE_FAMILY = "1,2";
			};
			name = Debug;
		};
		7C6FE5602A7FB9630017C0A9 /* Release */ = {
			isa = XCBuildConfiguration;
			buildSettings = {
				ASSETCATALOG_COMPILER_APPICON_NAME = AppIcon;
				ASSETCATALOG_COMPILER_GLOBAL_ACCENT_COLOR_NAME = AccentColor;
				CODE_SIGN_STYLE = Automatic;
				CURRENT_PROJECT_VERSION = 1;
				DEVELOPMENT_ASSET_PATHS = "\"TestScrollBar/Preview Content\"";
				DEVELOPMENT_TEAM = CLM5L23Y57;
				ENABLE_PREVIEWS = YES;
				GENERATE_INFOPLIST_FILE = YES;
				INFOPLIST_KEY_UIApplicationSceneManifest_Generation = YES;
				INFOPLIST_KEY_UIApplicationSupportsIndirectInputEvents = YES;
				INFOPLIST_KEY_UILaunchScreen_Generation = YES;
				INFOPLIST_KEY_UISupportedInterfaceOrientations_iPad = "UIInterfaceOrientationPortrait UIInterfaceOrientationPortraitUpsideDown UIInterfaceOrientationLandscapeLeft UIInterfaceOrientationLandscapeRight";
				INFOPLIST_KEY_UISupportedInterfaceOrientations_iPhone = "UIInterfaceOrientationPortrait UIInterfaceOrientationLandscapeLeft UIInterfaceOrientationLandscapeRight";
				LD_RUNPATH_SEARCH_PATHS = (
					"$(inherited)",
					"@executable_path/Frameworks",
				);
				MARKETING_VERSION = 1.0;
				PRODUCT_BUNDLE_IDENTIFIER = co.uk.lorenzopolato.TestScrollBar;
				PRODUCT_NAME = "$(TARGET_NAME)";
				SWIFT_EMIT_LOC_STRINGS = YES;
				SWIFT_VERSION = 5.0;
				TARGETED_DEVICE_FAMILY = "1,2";
			};
			name = Release;
		};
/* End XCBuildConfiguration section */

/* Begin XCConfigurationList section */
		7C6FE54B2A7FB9600017C0A9 /* Build configuration list for PBXProject "TestScrollBar" */ = {
			isa = XCConfigurationList;
			buildConfigurations = (
				7C6FE55C2A7FB9630017C0A9 /* Debug */,
				7C6FE55D2A7FB9630017C0A9 /* Release */,
			);
			defaultConfigurationIsVisible = 0;
			defaultConfigurationName = Release;
		};
		7C6FE55E2A7FB9630017C0A9 /* Build configuration list for PBXNativeTarget "TestScrollBar" */ = {
			isa = XCConfigurationList;
			buildConfigurations = (
				7C6FE55F2A7FB9630017C0A9 /* Debug */,
				7C6FE5602A7FB9630017C0A9 /* Release */,
			);
			defaultConfigurationIsVisible = 0;
			defaultConfigurationName = Release;
		};
/* End XCConfigurationList section */

/* Begin XCRemoteSwiftPackageReference section */
		7C6FE5652A7FBE920017C0A9 /* XCRemoteSwiftPackageReference "AlphabetScrollBar" */ = {
			isa = XCRemoteSwiftPackageReference;
			repositoryURL = "https://github.com/Salubrejoe/AlphabetScrollBar.git";
			requirement = {
				branch = main;
				kind = branch;
			};
		};
/* End XCRemoteSwiftPackageReference section */

/* Begin XCSwiftPackageProductDependency section */
		7C6FE5662A7FBE920017C0A9 /* AlphabetScrollBar */ = {
			isa = XCSwiftPackageProductDependency;
			package = 7C6FE5652A7FBE920017C0A9 /* XCRemoteSwiftPackageReference "AlphabetScrollBar" */;
			productName = AlphabetScrollBar;
		};
/* End XCSwiftPackageProductDependency section */
	};
	rootObject = 7C6FE5482A7FB9600017C0A9 /* Project object */;
}
